{
  "version": 4,
  "terraform_version": "1.10.5",
  "serial": 6,
  "lineage": "8fba571f-62cb-2051-27ea-765b3ce04d05",
  "outputs": {},
  "resources": [
    {
      "mode": "managed",
      "type": "aws_db_subnet_group",
      "name": "subnet_group",
      "provider": "provider[\"registry.terraform.io/hashicorp/aws\"]",
      "instances": [
        {
          "schema_version": 0,
          "attributes": {
            "arn": "arn:aws:rds:us-east-1:853680474106:subgrp:corpoeciencia-db-subnet-group",
            "description": "Database subnet group",
            "id": "corpoeciencia-db-subnet-group",
            "name": "corpoeciencia-db-subnet-group",
            "name_prefix": "",
            "subnet_ids": [
              "subnet-0e450bba21525342f",
              "subnet-0ff57d6cd055d5828"
            ],
            "supported_network_types": [
              "IPV4"
            ],
            "tags": {
              "Name": "corpoeciencia-db-subnet-group"
            },
            "tags_all": {
              "Name": "corpoeciencia-db-subnet-group"
            },
            "vpc_id": "vpc-0d7b578bf7a8cecc4"
          },
          "sensitive_attributes": [],
          "private": "bnVsbA=="
        }
      ]
    },
    {
      "mode": "managed",
      "type": "aws_security_group",
      "name": "db_sg",
      "provider": "provider[\"registry.terraform.io/hashicorp/aws\"]",
      "instances": [
        {
          "schema_version": 1,
          "attributes": {
            "arn": "arn:aws:ec2:us-east-1:853680474106:security-group/sg-0b2c77033bcc4fde6",
            "description": "Security group for RDS PostgreSQL instance",
            "egress": [
              {
                "cidr_blocks": [
                  "0.0.0.0/0"
                ],
                "description": "",
                "from_port": 0,
                "ipv6_cidr_blocks": [],
                "prefix_list_ids": [],
                "protocol": "-1",
                "security_groups": [],
                "self": false,
                "to_port": 0
              }
            ],
            "id": "sg-0b2c77033bcc4fde6",
            "ingress": [
              {
                "cidr_blocks": [
                  "0.0.0.0/0"
                ],
                "description": "",
                "from_port": 5432,
                "ipv6_cidr_blocks": [],
                "prefix_list_ids": [],
                "protocol": "tcp",
                "security_groups": [],
                "self": false,
                "to_port": 5432
              }
            ],
            "name": "rds_security_group",
            "name_prefix": "",
            "owner_id": "853680474106",
            "revoke_rules_on_delete": false,
            "tags": {
              "Name": "rds-db-sg"
            },
            "tags_all": {
              "Name": "rds-db-sg"
            },
            "timeouts": null,
            "vpc_id": "vpc-0d7b578bf7a8cecc4"
          },
          "sensitive_attributes": [],
          "private": "eyJlMmJmYjczMC1lY2FhLTExZTYtOGY4OC0zNDM2M2JjN2M0YzAiOnsiY3JlYXRlIjo2MDAwMDAwMDAwMDAsImRlbGV0ZSI6OTAwMDAwMDAwMDAwfSwic2NoZW1hX3ZlcnNpb24iOiIxIn0="
        }
      ]
    }
  ],
  "check_results": null
}
